
Microsoft Visual Studio Solution File, Format Version 12.00
# Visual Studio Version 17
VisualStudioVersion = 17.6.33513.286
MinimumVisualStudioVersion = 10.0.40219.1
Project("{9A19103F-16F7-4668-BE54-9A1E7A4F7556}") = "Cella.Models", "Cella.Models\Cella.Models.csproj", "{B0509391-00EB-4E05-B9DE-723025D70282}"
EndProject
Project("{2150E333-8FDC-42A3-9474-1A3956D46DE8}") = "Solution Items", "Solution Items", "{576A4B53-0091-471C-8F82-1E66E8AD4F9D}"
	ProjectSection(SolutionItems) = preProject
		.editorconfig = .editorconfig
		Readme.md = Readme.md
	EndProjectSection
EndProject
Project("{2150E333-8FDC-42A3-9474-1A3956D46DE8}") = "Modules", "Modules", "{3B42340C-29F1-446E-92C7-CDE4FA4510E0}"
	ProjectSection(SolutionItems) = preProject
		..\SimplCommerce-master\SimplCommerce-master\src\Modules\Directory.Build.props = ..\SimplCommerce-master\SimplCommerce-master\src\Modules\Directory.Build.props
	EndProjectSection
EndProject
Project("{2150E333-8FDC-42A3-9474-1A3956D46DE8}") = "img", "img", "{315A2D7F-BD8C-4404-9A5D-A103DF52A63F}"
	ProjectSection(SolutionItems) = preProject
		..\..\Users\David\Downloads\Cella.jpg = ..\..\Users\David\Downloads\Cella.jpg
	EndProjectSection
EndProject
Project("{9A19103F-16F7-4668-BE54-9A1E7A4F7556}") = "Cella.Domain", "Cella.Domain\Cella.Domain.csproj", "{0E298CB4-704B-4047-B53E-4A6B81A6EB13}"
EndProject
Project("{FAE04EC0-301F-11D3-BF4B-00C04F79EFBC}") = "Cella.API", "Cella.API\Cella.API.csproj", "{ABAF462D-1EA7-46F4-9E18-0A9164F06783}"
EndProject
Project("{FAE04EC0-301F-11D3-BF4B-00C04F79EFBC}") = "Cella.Infrastructure", "Cella.Infrastructure\Cella.Infrastructure.csproj", "{396C2560-E7F6-49B5-A3E4-1D2124E4F5E8}"
EndProject
Project("{FAE04EC0-301F-11D3-BF4B-00C04F79EFBC}") = "Cella.Components", "Cella.Components\Cella.Components.csproj", "{BD53C74C-D3FD-4195-AE97-FBF26CEAE810}"
EndProject
Project("{FAE04EC0-301F-11D3-BF4B-00C04F79EFBC}") = "Cella.Application", "Cella.Application\Cella.Application\Cella.Application.csproj", "{45F4BF7E-78A9-482C-87E7-E489F2A2FB75}"
EndProject
Project("{FAE04EC0-301F-11D3-BF4B-00C04F79EFBC}") = "CellaWeb.Blazor", "CellaWeb.Blazor\CellaWeb.Blazor.csproj", "{A276AD4D-0F8C-44A7-8B52-D65B33CA2E35}"
EndProject
Global
	GlobalSection(SolutionConfigurationPlatforms) = preSolution
		Debug|Any CPU = Debug|Any CPU
		Debug|ARM = Debug|ARM
		Debug|ARM64 = Debug|ARM64
		Debug|iPhone = Debug|iPhone
		Debug|iPhoneSimulator = Debug|iPhoneSimulator
		Debug|x64 = Debug|x64
		Debug|x86 = Debug|x86
		Release|Any CPU = Release|Any CPU
		Release|ARM = Release|ARM
		Release|ARM64 = Release|ARM64
		Release|iPhone = Release|iPhone
		Release|iPhoneSimulator = Release|iPhoneSimulator
		Release|x64 = Release|x64
		Release|x86 = Release|x86
	EndGlobalSection
	GlobalSection(ProjectConfigurationPlatforms) = postSolution
		{B0509391-00EB-4E05-B9DE-723025D70282}.Debug|Any CPU.ActiveCfg = Debug|Any CPU
		{B0509391-00EB-4E05-B9DE-723025D70282}.Debug|Any CPU.Build.0 = Debug|Any CPU
		{B0509391-00EB-4E05-B9DE-723025D70282}.Debug|ARM.ActiveCfg = Debug|Any CPU
		{B0509391-00EB-4E05-B9DE-723025D70282}.Debug|ARM.Build.0 = Debug|Any CPU
		{B0509391-00EB-4E05-B9DE-723025D70282}.Debug|ARM64.ActiveCfg = Debug|Any CPU
		{B0509391-00EB-4E05-B9DE-723025D70282}.Debug|ARM64.Build.0 = Debug|Any CPU
		{B0509391-00EB-4E05-B9DE-723025D70282}.Debug|iPhone.ActiveCfg = Debug|Any CPU
		{B0509391-00EB-4E05-B9DE-723025D70282}.Debug|iPhone.Build.0 = Debug|Any CPU
		{B0509391-00EB-4E05-B9DE-723025D70282}.Debug|iPhoneSimulator.ActiveCfg = Debug|Any CPU
		{B0509391-00EB-4E05-B9DE-723025D70282}.Debug|iPhoneSimulator.Build.0 = Debug|Any CPU
		{B0509391-00EB-4E05-B9DE-723025D70282}.Debug|x64.ActiveCfg = Debug|Any CPU
		{B0509391-00EB-4E05-B9DE-723025D70282}.Debug|x64.Build.0 = Debug|Any CPU
		{B0509391-00EB-4E05-B9DE-723025D70282}.Debug|x86.ActiveCfg = Debug|Any CPU
		{B0509391-00EB-4E05-B9DE-723025D70282}.Debug|x86.Build.0 = Debug|Any CPU
		{B0509391-00EB-4E05-B9DE-723025D70282}.Release|Any CPU.ActiveCfg = Release|Any CPU
		{B0509391-00EB-4E05-B9DE-723025D70282}.Release|Any CPU.Build.0 = Release|Any CPU
		{B0509391-00EB-4E05-B9DE-723025D70282}.Release|ARM.ActiveCfg = Release|Any CPU
		{B0509391-00EB-4E05-B9DE-723025D70282}.Release|ARM.Build.0 = Release|Any CPU
		{B0509391-00EB-4E05-B9DE-723025D70282}.Release|ARM64.ActiveCfg = Release|Any CPU
		{B0509391-00EB-4E05-B9DE-723025D70282}.Release|ARM64.Build.0 = Release|Any CPU
		{B0509391-00EB-4E05-B9DE-723025D70282}.Release|iPhone.ActiveCfg = Release|Any CPU
		{B0509391-00EB-4E05-B9DE-723025D70282}.Release|iPhone.Build.0 = Release|Any CPU
		{B0509391-00EB-4E05-B9DE-723025D70282}.Release|iPhoneSimulator.ActiveCfg = Release|Any CPU
		{B0509391-00EB-4E05-B9DE-723025D70282}.Release|iPhoneSimulator.Build.0 = Release|Any CPU
		{B0509391-00EB-4E05-B9DE-723025D70282}.Release|x64.ActiveCfg = Release|Any CPU
		{B0509391-00EB-4E05-B9DE-723025D70282}.Release|x64.Build.0 = Release|Any CPU
		{B0509391-00EB-4E05-B9DE-723025D70282}.Release|x86.ActiveCfg = Release|Any CPU
		{B0509391-00EB-4E05-B9DE-723025D70282}.Release|x86.Build.0 = Release|Any CPU
		{0E298CB4-704B-4047-B53E-4A6B81A6EB13}.Debug|Any CPU.ActiveCfg = Debug|Any CPU
		{0E298CB4-704B-4047-B53E-4A6B81A6EB13}.Debug|Any CPU.Build.0 = Debug|Any CPU
		{0E298CB4-704B-4047-B53E-4A6B81A6EB13}.Debug|ARM.ActiveCfg = Debug|Any CPU
		{0E298CB4-704B-4047-B53E-4A6B81A6EB13}.Debug|ARM.Build.0 = Debug|Any CPU
		{0E298CB4-704B-4047-B53E-4A6B81A6EB13}.Debug|ARM64.ActiveCfg = Debug|Any CPU
		{0E298CB4-704B-4047-B53E-4A6B81A6EB13}.Debug|ARM64.Build.0 = Debug|Any CPU
		{0E298CB4-704B-4047-B53E-4A6B81A6EB13}.Debug|iPhone.ActiveCfg = Debug|Any CPU
		{0E298CB4-704B-4047-B53E-4A6B81A6EB13}.Debug|iPhone.Build.0 = Debug|Any CPU
		{0E298CB4-704B-4047-B53E-4A6B81A6EB13}.Debug|iPhoneSimulator.ActiveCfg = Debug|Any CPU
		{0E298CB4-704B-4047-B53E-4A6B81A6EB13}.Debug|iPhoneSimulator.Build.0 = Debug|Any CPU
		{0E298CB4-704B-4047-B53E-4A6B81A6EB13}.Debug|x64.ActiveCfg = Debug|Any CPU
		{0E298CB4-704B-4047-B53E-4A6B81A6EB13}.Debug|x64.Build.0 = Debug|Any CPU
		{0E298CB4-704B-4047-B53E-4A6B81A6EB13}.Debug|x86.ActiveCfg = Debug|Any CPU
		{0E298CB4-704B-4047-B53E-4A6B81A6EB13}.Debug|x86.Build.0 = Debug|Any CPU
		{0E298CB4-704B-4047-B53E-4A6B81A6EB13}.Release|Any CPU.ActiveCfg = Release|Any CPU
		{0E298CB4-704B-4047-B53E-4A6B81A6EB13}.Release|Any CPU.Build.0 = Release|Any CPU
		{0E298CB4-704B-4047-B53E-4A6B81A6EB13}.Release|ARM.ActiveCfg = Release|Any CPU
		{0E298CB4-704B-4047-B53E-4A6B81A6EB13}.Release|ARM.Build.0 = Release|Any CPU
		{0E298CB4-704B-4047-B53E-4A6B81A6EB13}.Release|ARM64.ActiveCfg = Release|Any CPU
		{0E298CB4-704B-4047-B53E-4A6B81A6EB13}.Release|ARM64.Build.0 = Release|Any CPU
		{0E298CB4-704B-4047-B53E-4A6B81A6EB13}.Release|iPhone.ActiveCfg = Release|Any CPU
		{0E298CB4-704B-4047-B53E-4A6B81A6EB13}.Release|iPhone.Build.0 = Release|Any CPU
		{0E298CB4-704B-4047-B53E-4A6B81A6EB13}.Release|iPhoneSimulator.ActiveCfg = Release|Any CPU
		{0E298CB4-704B-4047-B53E-4A6B81A6EB13}.Release|iPhoneSimulator.Build.0 = Release|Any CPU
		{0E298CB4-704B-4047-B53E-4A6B81A6EB13}.Release|x64.ActiveCfg = Release|Any CPU
		{0E298CB4-704B-4047-B53E-4A6B81A6EB13}.Release|x64.Build.0 = Release|Any CPU
		{0E298CB4-704B-4047-B53E-4A6B81A6EB13}.Release|x86.ActiveCfg = Release|Any CPU
		{0E298CB4-704B-4047-B53E-4A6B81A6EB13}.Release|x86.Build.0 = Release|Any CPU
		{ABAF462D-1EA7-46F4-9E18-0A9164F06783}.Debug|Any CPU.ActiveCfg = Debug|Any CPU
		{ABAF462D-1EA7-46F4-9E18-0A9164F06783}.Debug|Any CPU.Build.0 = Debug|Any CPU
		{ABAF462D-1EA7-46F4-9E18-0A9164F06783}.Debug|ARM.ActiveCfg = Debug|Any CPU
		{ABAF462D-1EA7-46F4-9E18-0A9164F06783}.Debug|ARM.Build.0 = Debug|Any CPU
		{ABAF462D-1EA7-46F4-9E18-0A9164F06783}.Debug|ARM64.ActiveCfg = Debug|Any CPU
		{ABAF462D-1EA7-46F4-9E18-0A9164F06783}.Debug|ARM64.Build.0 = Debug|Any CPU
		{ABAF462D-1EA7-46F4-9E18-0A9164F06783}.Debug|iPhone.ActiveCfg = Debug|Any CPU
		{ABAF462D-1EA7-46F4-9E18-0A9164F06783}.Debug|iPhone.Build.0 = Debug|Any CPU
		{ABAF462D-1EA7-46F4-9E18-0A9164F06783}.Debug|iPhoneSimulator.ActiveCfg = Debug|Any CPU
		{ABAF462D-1EA7-46F4-9E18-0A9164F06783}.Debug|iPhoneSimulator.Build.0 = Debug|Any CPU
		{ABAF462D-1EA7-46F4-9E18-0A9164F06783}.Debug|x64.ActiveCfg = Debug|Any CPU
		{ABAF462D-1EA7-46F4-9E18-0A9164F06783}.Debug|x64.Build.0 = Debug|Any CPU
		{ABAF462D-1EA7-46F4-9E18-0A9164F06783}.Debug|x86.ActiveCfg = Debug|Any CPU
		{ABAF462D-1EA7-46F4-9E18-0A9164F06783}.Debug|x86.Build.0 = Debug|Any CPU
		{ABAF462D-1EA7-46F4-9E18-0A9164F06783}.Release|Any CPU.ActiveCfg = Release|Any CPU
		{ABAF462D-1EA7-46F4-9E18-0A9164F06783}.Release|Any CPU.Build.0 = Release|Any CPU
		{ABAF462D-1EA7-46F4-9E18-0A9164F06783}.Release|ARM.ActiveCfg = Release|Any CPU
		{ABAF462D-1EA7-46F4-9E18-0A9164F06783}.Release|ARM.Build.0 = Release|Any CPU
		{ABAF462D-1EA7-46F4-9E18-0A9164F06783}.Release|ARM64.ActiveCfg = Release|Any CPU
		{ABAF462D-1EA7-46F4-9E18-0A9164F06783}.Release|ARM64.Build.0 = Release|Any CPU
		{ABAF462D-1EA7-46F4-9E18-0A9164F06783}.Release|iPhone.ActiveCfg = Release|Any CPU
		{ABAF462D-1EA7-46F4-9E18-0A9164F06783}.Release|iPhone.Build.0 = Release|Any CPU
		{ABAF462D-1EA7-46F4-9E18-0A9164F06783}.Release|iPhoneSimulator.ActiveCfg = Release|Any CPU
		{ABAF462D-1EA7-46F4-9E18-0A9164F06783}.Release|iPhoneSimulator.Build.0 = Release|Any CPU
		{ABAF462D-1EA7-46F4-9E18-0A9164F06783}.Release|x64.ActiveCfg = Release|Any CPU
		{ABAF462D-1EA7-46F4-9E18-0A9164F06783}.Release|x64.Build.0 = Release|Any CPU
		{ABAF462D-1EA7-46F4-9E18-0A9164F06783}.Release|x86.ActiveCfg = Release|Any CPU
		{ABAF462D-1EA7-46F4-9E18-0A9164F06783}.Release|x86.Build.0 = Release|Any CPU
		{396C2560-E7F6-49B5-A3E4-1D2124E4F5E8}.Debug|Any CPU.ActiveCfg = Debug|Any CPU
		{396C2560-E7F6-49B5-A3E4-1D2124E4F5E8}.Debug|Any CPU.Build.0 = Debug|Any CPU
		{396C2560-E7F6-49B5-A3E4-1D2124E4F5E8}.Debug|ARM.ActiveCfg = Debug|Any CPU
		{396C2560-E7F6-49B5-A3E4-1D2124E4F5E8}.Debug|ARM.Build.0 = Debug|Any CPU
		{396C2560-E7F6-49B5-A3E4-1D2124E4F5E8}.Debug|ARM64.ActiveCfg = Debug|Any CPU
		{396C2560-E7F6-49B5-A3E4-1D2124E4F5E8}.Debug|ARM64.Build.0 = Debug|Any CPU
		{396C2560-E7F6-49B5-A3E4-1D2124E4F5E8}.Debug|iPhone.ActiveCfg = Debug|Any CPU
		{396C2560-E7F6-49B5-A3E4-1D2124E4F5E8}.Debug|iPhone.Build.0 = Debug|Any CPU
		{396C2560-E7F6-49B5-A3E4-1D2124E4F5E8}.Debug|iPhoneSimulator.ActiveCfg = Debug|Any CPU
		{396C2560-E7F6-49B5-A3E4-1D2124E4F5E8}.Debug|iPhoneSimulator.Build.0 = Debug|Any CPU
		{396C2560-E7F6-49B5-A3E4-1D2124E4F5E8}.Debug|x64.ActiveCfg = Debug|Any CPU
		{396C2560-E7F6-49B5-A3E4-1D2124E4F5E8}.Debug|x64.Build.0 = Debug|Any CPU
		{396C2560-E7F6-49B5-A3E4-1D2124E4F5E8}.Debug|x86.ActiveCfg = Debug|Any CPU
		{396C2560-E7F6-49B5-A3E4-1D2124E4F5E8}.Debug|x86.Build.0 = Debug|Any CPU
		{396C2560-E7F6-49B5-A3E4-1D2124E4F5E8}.Release|Any CPU.ActiveCfg = Release|Any CPU
		{396C2560-E7F6-49B5-A3E4-1D2124E4F5E8}.Release|Any CPU.Build.0 = Release|Any CPU
		{396C2560-E7F6-49B5-A3E4-1D2124E4F5E8}.Release|ARM.ActiveCfg = Release|Any CPU
		{396C2560-E7F6-49B5-A3E4-1D2124E4F5E8}.Release|ARM.Build.0 = Release|Any CPU
		{396C2560-E7F6-49B5-A3E4-1D2124E4F5E8}.Release|ARM64.ActiveCfg = Release|Any CPU
		{396C2560-E7F6-49B5-A3E4-1D2124E4F5E8}.Release|ARM64.Build.0 = Release|Any CPU
		{396C2560-E7F6-49B5-A3E4-1D2124E4F5E8}.Release|iPhone.ActiveCfg = Release|Any CPU
		{396C2560-E7F6-49B5-A3E4-1D2124E4F5E8}.Release|iPhone.Build.0 = Release|Any CPU
		{396C2560-E7F6-49B5-A3E4-1D2124E4F5E8}.Release|iPhoneSimulator.ActiveCfg = Release|Any CPU
		{396C2560-E7F6-49B5-A3E4-1D2124E4F5E8}.Release|iPhoneSimulator.Build.0 = Release|Any CPU
		{396C2560-E7F6-49B5-A3E4-1D2124E4F5E8}.Release|x64.ActiveCfg = Release|Any CPU
		{396C2560-E7F6-49B5-A3E4-1D2124E4F5E8}.Release|x64.Build.0 = Release|Any CPU
		{396C2560-E7F6-49B5-A3E4-1D2124E4F5E8}.Release|x86.ActiveCfg = Release|Any CPU
		{396C2560-E7F6-49B5-A3E4-1D2124E4F5E8}.Release|x86.Build.0 = Release|Any CPU
		{BD53C74C-D3FD-4195-AE97-FBF26CEAE810}.Debug|Any CPU.ActiveCfg = Debug|Any CPU
		{BD53C74C-D3FD-4195-AE97-FBF26CEAE810}.Debug|Any CPU.Build.0 = Debug|Any CPU
		{BD53C74C-D3FD-4195-AE97-FBF26CEAE810}.Debug|ARM.ActiveCfg = Debug|Any CPU
		{BD53C74C-D3FD-4195-AE97-FBF26CEAE810}.Debug|ARM.Build.0 = Debug|Any CPU
		{BD53C74C-D3FD-4195-AE97-FBF26CEAE810}.Debug|ARM64.ActiveCfg = Debug|Any CPU
		{BD53C74C-D3FD-4195-AE97-FBF26CEAE810}.Debug|ARM64.Build.0 = Debug|Any CPU
		{BD53C74C-D3FD-4195-AE97-FBF26CEAE810}.Debug|iPhone.ActiveCfg = Debug|Any CPU
		{BD53C74C-D3FD-4195-AE97-FBF26CEAE810}.Debug|iPhone.Build.0 = Debug|Any CPU
		{BD53C74C-D3FD-4195-AE97-FBF26CEAE810}.Debug|iPhoneSimulator.ActiveCfg = Debug|Any CPU
		{BD53C74C-D3FD-4195-AE97-FBF26CEAE810}.Debug|iPhoneSimulator.Build.0 = Debug|Any CPU
		{BD53C74C-D3FD-4195-AE97-FBF26CEAE810}.Debug|x64.ActiveCfg = Debug|Any CPU
		{BD53C74C-D3FD-4195-AE97-FBF26CEAE810}.Debug|x64.Build.0 = Debug|Any CPU
		{BD53C74C-D3FD-4195-AE97-FBF26CEAE810}.Debug|x86.ActiveCfg = Debug|Any CPU
		{BD53C74C-D3FD-4195-AE97-FBF26CEAE810}.Debug|x86.Build.0 = Debug|Any CPU
		{BD53C74C-D3FD-4195-AE97-FBF26CEAE810}.Release|Any CPU.ActiveCfg = Release|Any CPU
		{BD53C74C-D3FD-4195-AE97-FBF26CEAE810}.Release|Any CPU.Build.0 = Release|Any CPU
		{BD53C74C-D3FD-4195-AE97-FBF26CEAE810}.Release|ARM.ActiveCfg = Release|Any CPU
		{BD53C74C-D3FD-4195-AE97-FBF26CEAE810}.Release|ARM.Build.0 = Release|Any CPU
		{BD53C74C-D3FD-4195-AE97-FBF26CEAE810}.Release|ARM64.ActiveCfg = Release|Any CPU
		{BD53C74C-D3FD-4195-AE97-FBF26CEAE810}.Release|ARM64.Build.0 = Release|Any CPU
		{BD53C74C-D3FD-4195-AE97-FBF26CEAE810}.Release|iPhone.ActiveCfg = Release|Any CPU
		{BD53C74C-D3FD-4195-AE97-FBF26CEAE810}.Release|iPhone.Build.0 = Release|Any CPU
		{BD53C74C-D3FD-4195-AE97-FBF26CEAE810}.Release|iPhoneSimulator.ActiveCfg = Release|Any CPU
		{BD53C74C-D3FD-4195-AE97-FBF26CEAE810}.Release|iPhoneSimulator.Build.0 = Release|Any CPU
		{BD53C74C-D3FD-4195-AE97-FBF26CEAE810}.Release|x64.ActiveCfg = Release|Any CPU
		{BD53C74C-D3FD-4195-AE97-FBF26CEAE810}.Release|x64.Build.0 = Release|Any CPU
		{BD53C74C-D3FD-4195-AE97-FBF26CEAE810}.Release|x86.ActiveCfg = Release|Any CPU
		{BD53C74C-D3FD-4195-AE97-FBF26CEAE810}.Release|x86.Build.0 = Release|Any CPU
		{45F4BF7E-78A9-482C-87E7-E489F2A2FB75}.Debug|Any CPU.ActiveCfg = Debug|Any CPU
		{45F4BF7E-78A9-482C-87E7-E489F2A2FB75}.Debug|Any CPU.Build.0 = Debug|Any CPU
		{45F4BF7E-78A9-482C-87E7-E489F2A2FB75}.Debug|ARM.ActiveCfg = Debug|Any CPU
		{45F4BF7E-78A9-482C-87E7-E489F2A2FB75}.Debug|ARM.Build.0 = Debug|Any CPU
		{45F4BF7E-78A9-482C-87E7-E489F2A2FB75}.Debug|ARM64.ActiveCfg = Debug|Any CPU
		{45F4BF7E-78A9-482C-87E7-E489F2A2FB75}.Debug|ARM64.Build.0 = Debug|Any CPU
		{45F4BF7E-78A9-482C-87E7-E489F2A2FB75}.Debug|iPhone.ActiveCfg = Debug|Any CPU
		{45F4BF7E-78A9-482C-87E7-E489F2A2FB75}.Debug|iPhone.Build.0 = Debug|Any CPU
		{45F4BF7E-78A9-482C-87E7-E489F2A2FB75}.Debug|iPhoneSimulator.ActiveCfg = Debug|Any CPU
		{45F4BF7E-78A9-482C-87E7-E489F2A2FB75}.Debug|iPhoneSimulator.Build.0 = Debug|Any CPU
		{45F4BF7E-78A9-482C-87E7-E489F2A2FB75}.Debug|x64.ActiveCfg = Debug|Any CPU
		{45F4BF7E-78A9-482C-87E7-E489F2A2FB75}.Debug|x64.Build.0 = Debug|Any CPU
		{45F4BF7E-78A9-482C-87E7-E489F2A2FB75}.Debug|x86.ActiveCfg = Debug|Any CPU
		{45F4BF7E-78A9-482C-87E7-E489F2A2FB75}.Debug|x86.Build.0 = Debug|Any CPU
		{45F4BF7E-78A9-482C-87E7-E489F2A2FB75}.Release|Any CPU.ActiveCfg = Release|Any CPU
		{45F4BF7E-78A9-482C-87E7-E489F2A2FB75}.Release|Any CPU.Build.0 = Release|Any CPU
		{45F4BF7E-78A9-482C-87E7-E489F2A2FB75}.Release|ARM.ActiveCfg = Release|Any CPU
		{45F4BF7E-78A9-482C-87E7-E489F2A2FB75}.Release|ARM.Build.0 = Release|Any CPU
		{45F4BF7E-78A9-482C-87E7-E489F2A2FB75}.Release|ARM64.ActiveCfg = Release|Any CPU
		{45F4BF7E-78A9-482C-87E7-E489F2A2FB75}.Release|ARM64.Build.0 = Release|Any CPU
		{45F4BF7E-78A9-482C-87E7-E489F2A2FB75}.Release|iPhone.ActiveCfg = Release|Any CPU
		{45F4BF7E-78A9-482C-87E7-E489F2A2FB75}.Release|iPhone.Build.0 = Release|Any CPU
		{45F4BF7E-78A9-482C-87E7-E489F2A2FB75}.Release|iPhoneSimulator.ActiveCfg = Release|Any CPU
		{45F4BF7E-78A9-482C-87E7-E489F2A2FB75}.Release|iPhoneSimulator.Build.0 = Release|Any CPU
		{45F4BF7E-78A9-482C-87E7-E489F2A2FB75}.Release|x64.ActiveCfg = Release|Any CPU
		{45F4BF7E-78A9-482C-87E7-E489F2A2FB75}.Release|x64.Build.0 = Release|Any CPU
		{45F4BF7E-78A9-482C-87E7-E489F2A2FB75}.Release|x86.ActiveCfg = Release|Any CPU
		{45F4BF7E-78A9-482C-87E7-E489F2A2FB75}.Release|x86.Build.0 = Release|Any CPU
		{A276AD4D-0F8C-44A7-8B52-D65B33CA2E35}.Debug|Any CPU.ActiveCfg = Debug|Any CPU
		{A276AD4D-0F8C-44A7-8B52-D65B33CA2E35}.Debug|Any CPU.Build.0 = Debug|Any CPU
		{A276AD4D-0F8C-44A7-8B52-D65B33CA2E35}.Debug|ARM.ActiveCfg = Debug|Any CPU
		{A276AD4D-0F8C-44A7-8B52-D65B33CA2E35}.Debug|ARM.Build.0 = Debug|Any CPU
		{A276AD4D-0F8C-44A7-8B52-D65B33CA2E35}.Debug|ARM64.ActiveCfg = Debug|Any CPU
		{A276AD4D-0F8C-44A7-8B52-D65B33CA2E35}.Debug|ARM64.Build.0 = Debug|Any CPU
		{A276AD4D-0F8C-44A7-8B52-D65B33CA2E35}.Debug|iPhone.ActiveCfg = Debug|Any CPU
		{A276AD4D-0F8C-44A7-8B52-D65B33CA2E35}.Debug|iPhone.Build.0 = Debug|Any CPU
		{A276AD4D-0F8C-44A7-8B52-D65B33CA2E35}.Debug|iPhoneSimulator.ActiveCfg = Debug|Any CPU
		{A276AD4D-0F8C-44A7-8B52-D65B33CA2E35}.Debug|iPhoneSimulator.Build.0 = Debug|Any CPU
		{A276AD4D-0F8C-44A7-8B52-D65B33CA2E35}.Debug|x64.ActiveCfg = Debug|Any CPU
		{A276AD4D-0F8C-44A7-8B52-D65B33CA2E35}.Debug|x64.Build.0 = Debug|Any CPU
		{A276AD4D-0F8C-44A7-8B52-D65B33CA2E35}.Debug|x86.ActiveCfg = Debug|Any CPU
		{A276AD4D-0F8C-44A7-8B52-D65B33CA2E35}.Debug|x86.Build.0 = Debug|Any CPU
		{A276AD4D-0F8C-44A7-8B52-D65B33CA2E35}.Release|Any CPU.ActiveCfg = Release|Any CPU
		{A276AD4D-0F8C-44A7-8B52-D65B33CA2E35}.Release|Any CPU.Build.0 = Release|Any CPU
		{A276AD4D-0F8C-44A7-8B52-D65B33CA2E35}.Release|ARM.ActiveCfg = Release|Any CPU
		{A276AD4D-0F8C-44A7-8B52-D65B33CA2E35}.Release|ARM.Build.0 = Release|Any CPU
		{A276AD4D-0F8C-44A7-8B52-D65B33CA2E35}.Release|ARM64.ActiveCfg = Release|Any CPU
		{A276AD4D-0F8C-44A7-8B52-D65B33CA2E35}.Release|ARM64.Build.0 = Release|Any CPU
		{A276AD4D-0F8C-44A7-8B52-D65B33CA2E35}.Release|iPhone.ActiveCfg = Release|Any CPU
		{A276AD4D-0F8C-44A7-8B52-D65B33CA2E35}.Release|iPhone.Build.0 = Release|Any CPU
		{A276AD4D-0F8C-44A7-8B52-D65B33CA2E35}.Release|iPhoneSimulator.ActiveCfg = Release|Any CPU
		{A276AD4D-0F8C-44A7-8B52-D65B33CA2E35}.Release|iPhoneSimulator.Build.0 = Release|Any CPU
		{A276AD4D-0F8C-44A7-8B52-D65B33CA2E35}.Release|x64.ActiveCfg = Release|Any CPU
		{A276AD4D-0F8C-44A7-8B52-D65B33CA2E35}.Release|x64.Build.0 = Release|Any CPU
		{A276AD4D-0F8C-44A7-8B52-D65B33CA2E35}.Release|x86.ActiveCfg = Release|Any CPU
		{A276AD4D-0F8C-44A7-8B52-D65B33CA2E35}.Release|x86.Build.0 = Release|Any CPU
	EndGlobalSection
	GlobalSection(SolutionProperties) = preSolution
		HideSolutionNode = FALSE
	EndGlobalSection
	GlobalSection(ExtensibilityGlobals) = postSolution
		SolutionGuid = {F57F74E6-5D47-4424-B681-B0AA43D2F54A}
	EndGlobalSection
EndGlobal
